// !$*UTF8*$!
{
	archiveVersion = 1;
	classes = {
	};
	objectVersion = 56;
	objects = {

/* Begin PBXBuildFile section */
		1129F9A52A81381900E3374A /* MyTripPlannerApp.swift in Sources */ = {isa = PBXBuildFile; fileRef = 1129F9A42A81381900E3374A /* MyTripPlannerApp.swift */; };
		1129F9A72A81381900E3374A /* ContentView.swift in Sources */ = {isa = PBXBuildFile; fileRef = 1129F9A62A81381900E3374A /* ContentView.swift */; };
		1129F9A92A81381B00E3374A /* Assets.xcassets in Resources */ = {isa = PBXBuildFile; fileRef = 1129F9A82A81381B00E3374A /* Assets.xcassets */; };
		1129F9AC2A81381B00E3374A /* Preview Assets.xcassets in Resources */ = {isa = PBXBuildFile; fileRef = 1129F9AB2A81381B00E3374A /* Preview Assets.xcassets */; };
		1129F9B32A813F2300E3374A /* ProjectView.swift in Sources */ = {isa = PBXBuildFile; fileRef = 1129F9B22A813F2300E3374A /* ProjectView.swift */; };
		1129F9B52A813F4900E3374A /* MapView.swift in Sources */ = {isa = PBXBuildFile; fileRef = 1129F9B42A813F4900E3374A /* MapView.swift */; };
		1129F9B72A81416500E3374A /* LocationView.swift in Sources */ = {isa = PBXBuildFile; fileRef = 1129F9B62A81416500E3374A /* LocationView.swift */; };
		1129F9B92A81417400E3374A /* PinView.swift in Sources */ = {isa = PBXBuildFile; fileRef = 1129F9B82A81417400E3374A /* PinView.swift */; };
		1129F9BB2A81424400E3374A /* ImagePicker.swift in Sources */ = {isa = PBXBuildFile; fileRef = 1129F9BA2A81424400E3374A /* ImagePicker.swift */; };
		1129F9BD2A81427B00E3374A /* Bundle-Decodable.swift in Sources */ = {isa = PBXBuildFile; fileRef = 1129F9BC2A81427B00E3374A /* Bundle-Decodable.swift */; };
		1129F9C62A8232A200E3374A /* Project.swift in Sources */ = {isa = PBXBuildFile; fileRef = 1129F9C52A8232A200E3374A /* Project.swift */; };
		1129F9C82A82340000E3374A /* Location.swift in Sources */ = {isa = PBXBuildFile; fileRef = 1129F9C72A82340000E3374A /* Location.swift */; };
		1129F9D02A827BE200E3374A /* ExportView.swift in Sources */ = {isa = PBXBuildFile; fileRef = 1129F9CF2A827BE100E3374A /* ExportView.swift */; };
		1129F9D22A827DF100E3374A /* AllLocationsView.swift in Sources */ = {isa = PBXBuildFile; fileRef = 1129F9D12A827DF100E3374A /* AllLocationsView.swift */; };
		1129F9D52A8296A600E3374A /* EmojiPicker in Frameworks */ = {isa = PBXBuildFile; productRef = 1129F9D42A8296A600E3374A /* EmojiPicker */; };
		1129F9D82A8296C800E3374A /* SymbolPicker in Frameworks */ = {isa = PBXBuildFile; productRef = 1129F9D72A8296C800E3374A /* SymbolPicker */; };
		11A154DB2A8A355900BA65DF /* TestData.swift in Sources */ = {isa = PBXBuildFile; fileRef = 11A154DA2A8A355900BA65DF /* TestData.swift */; };
		11EB0C372A868AE50060E253 /* StorageController.swift in Sources */ = {isa = PBXBuildFile; fileRef = 11EB0C362A868AE50060E253 /* StorageController.swift */; };
		11EB0C392A868D710060E253 /* StateController.swift in Sources */ = {isa = PBXBuildFile; fileRef = 11EB0C382A868D710060E253 /* StateController.swift */; };
/* End PBXBuildFile section */

/* Begin PBXFileReference section */
		1129F9A12A81381900E3374A /* MyTripPlanner.app */ = {isa = PBXFileReference; explicitFileType = wrapper.application; includeInIndex = 0; path = MyTripPlanner.app; sourceTree = BUILT_PRODUCTS_DIR; };
		1129F9A42A81381900E3374A /* MyTripPlannerApp.swift */ = {isa = PBXFileReference; lastKnownFileType = sourcecode.swift; path = MyTripPlannerApp.swift; sourceTree = "<group>"; };
		1129F9A62A81381900E3374A /* ContentView.swift */ = {isa = PBXFileReference; lastKnownFileType = sourcecode.swift; path = ContentView.swift; sourceTree = "<group>"; };
		1129F9A82A81381B00E3374A /* Assets.xcassets */ = {isa = PBXFileReference; lastKnownFileType = folder.assetcatalog; path = Assets.xcassets; sourceTree = "<group>"; };
		1129F9AB2A81381B00E3374A /* Preview Assets.xcassets */ = {isa = PBXFileReference; lastKnownFileType = folder.assetcatalog; path = "Preview Assets.xcassets"; sourceTree = "<group>"; };
		1129F9B22A813F2300E3374A /* ProjectView.swift */ = {isa = PBXFileReference; lastKnownFileType = sourcecode.swift; path = ProjectView.swift; sourceTree = "<group>"; };
		1129F9B42A813F4900E3374A /* MapView.swift */ = {isa = PBXFileReference; lastKnownFileType = sourcecode.swift; path = MapView.swift; sourceTree = "<group>"; };
		1129F9B62A81416500E3374A /* LocationView.swift */ = {isa = PBXFileReference; lastKnownFileType = sourcecode.swift; path = LocationView.swift; sourceTree = "<group>"; };
		1129F9B82A81417400E3374A /* PinView.swift */ = {isa = PBXFileReference; lastKnownFileType = sourcecode.swift; path = PinView.swift; sourceTree = "<group>"; };
		1129F9BA2A81424400E3374A /* ImagePicker.swift */ = {isa = PBXFileReference; fileEncoding = 4; lastKnownFileType = sourcecode.swift; path = ImagePicker.swift; sourceTree = "<group>"; };
		1129F9BC2A81427B00E3374A /* Bundle-Decodable.swift */ = {isa = PBXFileReference; fileEncoding = 4; lastKnownFileType = sourcecode.swift; path = "Bundle-Decodable.swift"; sourceTree = "<group>"; };
		1129F9C52A8232A200E3374A /* Project.swift */ = {isa = PBXFileReference; lastKnownFileType = sourcecode.swift; path = Project.swift; sourceTree = "<group>"; };
		1129F9C72A82340000E3374A /* Location.swift */ = {isa = PBXFileReference; lastKnownFileType = sourcecode.swift; path = Location.swift; sourceTree = "<group>"; };
		1129F9CF2A827BE100E3374A /* ExportView.swift */ = {isa = PBXFileReference; lastKnownFileType = sourcecode.swift; path = ExportView.swift; sourceTree = "<group>"; };
		1129F9D12A827DF100E3374A /* AllLocationsView.swift */ = {isa = PBXFileReference; lastKnownFileType = sourcecode.swift; path = AllLocationsView.swift; sourceTree = "<group>"; };
		11A154DA2A8A355900BA65DF /* TestData.swift */ = {isa = PBXFileReference; lastKnownFileType = sourcecode.swift; path = TestData.swift; sourceTree = "<group>"; };
		11EB0C362A868AE50060E253 /* StorageController.swift */ = {isa = PBXFileReference; fileEncoding = 4; lastKnownFileType = sourcecode.swift; path = StorageController.swift; sourceTree = "<group>"; };
		11EB0C382A868D710060E253 /* StateController.swift */ = {isa = PBXFileReference; fileEncoding = 4; lastKnownFileType = sourcecode.swift; path = StateController.swift; sourceTree = "<group>"; };
/* End PBXFileReference section */

/* Begin PBXFrameworksBuildPhase section */
		1129F99E2A81381900E3374A /* Frameworks */ = {
			isa = PBXFrameworksBuildPhase;
			buildActionMask = 2147483647;
			files = (
				1129F9D82A8296C800E3374A /* SymbolPicker in Frameworks */,
				1129F9D52A8296A600E3374A /* EmojiPicker in Frameworks */,
			);
			runOnlyForDeploymentPostprocessing = 0;
		};
/* End PBXFrameworksBuildPhase section */

/* Begin PBXGroup section */
		1129F9982A81381900E3374A = {
			isa = PBXGroup;
			children = (
				1129F9A32A81381900E3374A /* MyTripPlanner */,
				1129F9A22A81381900E3374A /* Products */,
			);
			sourceTree = "<group>";
		};
		1129F9A22A81381900E3374A /* Products */ = {
			isa = PBXGroup;
			children = (
				1129F9A12A81381900E3374A /* MyTripPlanner.app */,
			);
			name = Products;
			sourceTree = "<group>";
		};
		1129F9A32A81381900E3374A /* MyTripPlanner */ = {
			isa = PBXGroup;
			children = (
				11EB0C352A868AD60060E253 /* Controller */,
				1129F9C02A8142D300E3374A /* View */,
				1129F9BF2A8142C800E3374A /* Model */,
				1129F9BE2A81429F00E3374A /* Utils */,
				1129F9A42A81381900E3374A /* MyTripPlannerApp.swift */,
				1129F9A62A81381900E3374A /* ContentView.swift */,
				1129F9A82A81381B00E3374A /* Assets.xcassets */,
				1129F9AA2A81381B00E3374A /* Preview Content */,
			);
			path = MyTripPlanner;
			sourceTree = "<group>";
		};
		1129F9AA2A81381B00E3374A /* Preview Content */ = {
			isa = PBXGroup;
			children = (
				1129F9AB2A81381B00E3374A /* Preview Assets.xcassets */,
			);
			path = "Preview Content";
			sourceTree = "<group>";
		};
		1129F9BE2A81429F00E3374A /* Utils */ = {
			isa = PBXGroup;
			children = (
				1129F9BA2A81424400E3374A /* ImagePicker.swift */,
				1129F9BC2A81427B00E3374A /* Bundle-Decodable.swift */,
				11A154DA2A8A355900BA65DF /* TestData.swift */,
			);
			path = Utils;
			sourceTree = "<group>";
		};
		1129F9BF2A8142C800E3374A /* Model */ = {
			isa = PBXGroup;
			children = (
				1129F9C52A8232A200E3374A /* Project.swift */,
				1129F9C72A82340000E3374A /* Location.swift */,
			);
			path = Model;
			sourceTree = "<group>";
		};
		1129F9C02A8142D300E3374A /* View */ = {
			isa = PBXGroup;
			children = (
				1129F9B22A813F2300E3374A /* ProjectView.swift */,
				1129F9B42A813F4900E3374A /* MapView.swift */,
				1129F9B82A81417400E3374A /* PinView.swift */,
				1129F9B62A81416500E3374A /* LocationView.swift */,
				1129F9CF2A827BE100E3374A /* ExportView.swift */,
				1129F9D12A827DF100E3374A /* AllLocationsView.swift */,
			);
			path = View;
			sourceTree = "<group>";
		};
		11EB0C352A868AD60060E253 /* Controller */ = {
			isa = PBXGroup;
			children = (
				11EB0C382A868D710060E253 /* StateController.swift */,
				11EB0C362A868AE50060E253 /* StorageController.swift */,
			);
			path = Controller;
			sourceTree = "<group>";
		};
/* End PBXGroup section */

/* Begin PBXNativeTarget section */
		1129F9A02A81381900E3374A /* MyTripPlanner */ = {
			isa = PBXNativeTarget;
			buildConfigurationList = 1129F9AF2A81381B00E3374A /* Build configuration list for PBXNativeTarget "MyTripPlanner" */;
			buildPhases = (
				1129F99D2A81381900E3374A /* Sources */,
				1129F99E2A81381900E3374A /* Frameworks */,
				1129F99F2A81381900E3374A /* Resources */,
			);
			buildRules = (
			);
			dependencies = (
			);
			name = MyTripPlanner;
			packageProductDependencies = (
				1129F9D42A8296A600E3374A /* EmojiPicker */,
				1129F9D72A8296C800E3374A /* SymbolPicker */,
			);
			productName = MyTripPlanner;
			productReference = 1129F9A12A81381900E3374A /* MyTripPlanner.app */;
			productType = "com.apple.product-type.application";
		};
/* End PBXNativeTarget section */

/* Begin PBXProject section */
		1129F9992A81381900E3374A /* Project object */ = {
			isa = PBXProject;
			attributes = {
				BuildIndependentTargetsInParallel = 1;
				LastSwiftUpdateCheck = 1430;
				LastUpgradeCheck = 1430;
				TargetAttributes = {
					1129F9A02A81381900E3374A = {
						CreatedOnToolsVersion = 14.3.1;
					};
				};
			};
			buildConfigurationList = 1129F99C2A81381900E3374A /* Build configuration list for PBXProject "MyTripPlanner" */;
			compatibilityVersion = "Xcode 14.0";
			developmentRegion = en;
			hasScannedForEncodings = 0;
			knownRegions = (
				en,
				Base,
			);
			mainGroup = 1129F9982A81381900E3374A;
			packageReferences = (
				1129F9D32A8296A600E3374A /* XCRemoteSwiftPackageReference "EmojiPicker" */,
				1129F9D62A8296C800E3374A /* XCRemoteSwiftPackageReference "SymbolPicker" */,
			);
			productRefGroup = 1129F9A22A81381900E3374A /* Products */;
			projectDirPath = "";
			projectRoot = "";
			targets = (
				1129F9A02A81381900E3374A /* MyTripPlanner */,
			);
		};
/* End PBXProject section */

/* Begin PBXResourcesBuildPhase section */
		1129F99F2A81381900E3374A /* Resources */ = {
			isa = PBXResourcesBuildPhase;
			buildActionMask = 2147483647;
			files = (
				1129F9AC2A81381B00E3374A /* Preview Assets.xcassets in Resources */,
				1129F9A92A81381B00E3374A /* Assets.xcassets in Resources */,
			);
			runOnlyForDeploymentPostprocessing = 0;
		};
/* End PBXResourcesBuildPhase section */

/* Begin PBXSourcesBuildPhase section */
		1129F99D2A81381900E3374A /* Sources */ = {
			isa = PBXSourcesBuildPhase;
			buildActionMask = 2147483647;
			files = (
				1129F9B32A813F2300E3374A /* ProjectView.swift in Sources */,
				1129F9B52A813F4900E3374A /* MapView.swift in Sources */,
				1129F9B92A81417400E3374A /* PinView.swift in Sources */,
				11A154DB2A8A355900BA65DF /* TestData.swift in Sources */,
				1129F9BD2A81427B00E3374A /* Bundle-Decodable.swift in Sources */,
				1129F9BB2A81424400E3374A /* ImagePicker.swift in Sources */,
				1129F9B72A81416500E3374A /* LocationView.swift in Sources */,
				11EB0C392A868D710060E253 /* StateController.swift in Sources */,
				1129F9D02A827BE200E3374A /* ExportView.swift in Sources */,
				1129F9C62A8232A200E3374A /* Project.swift in Sources */,
				1129F9A72A81381900E3374A /* ContentView.swift in Sources */,
				11EB0C372A868AE50060E253 /* StorageController.swift in Sources */,
				1129F9C82A82340000E3374A /* Location.swift in Sources */,
				1129F9D22A827DF100E3374A /* AllLocationsView.swift in Sources */,
				1129F9A52A81381900E3374A /* MyTripPlannerApp.swift in Sources */,
			);
			runOnlyForDeploymentPostprocessing = 0;
		};
/* End PBXSourcesBuildPhase section */

/* Begin XCBuildConfiguration section */
		1129F9AD2A81381B00E3374A /* Debug */ = {
			isa = XCBuildConfiguration;
			buildSettings = {
				ALWAYS_SEARCH_USER_PATHS = NO;
				CLANG_ANALYZER_NONNULL = YES;
				CLANG_ANALYZER_NUMBER_OBJECT_CONVERSION = YES_AGGRESSIVE;
				CLANG_CXX_LANGUAGE_STANDARD = "gnu++20";
				CLANG_ENABLE_MODULES = YES;
				CLANG_ENABLE_OBJC_ARC = YES;
				CLANG_ENABLE_OBJC_WEAK = YES;
				CLANG_WARN_BLOCK_CAPTURE_AUTORELEASING = YES;
				CLANG_WARN_BOOL_CONVERSION = YES;
				CLANG_WARN_COMMA = YES;
				CLANG_WARN_CONSTANT_CONVERSION = YES;
				CLANG_WARN_DEPRECATED_OBJC_IMPLEMENTATIONS = YES;
				CLANG_WARN_DIRECT_OBJC_ISA_USAGE = YES_ERROR;
				CLANG_WARN_DOCUMENTATION_COMMENTS = YES;
				CLANG_WARN_EMPTY_BODY = YES;
				CLANG_WARN_ENUM_CONVERSION = YES;
				CLANG_WARN_INFINITE_RECURSION = YES;
				CLANG_WARN_INT_CONVERSION = YES;
				CLANG_WARN_NON_LITERAL_NULL_CONVERSION = YES;
				CLANG_WARN_OBJC_IMPLICIT_RETAIN_SELF = YES;
				CLANG_WARN_OBJC_LITERAL_CONVERSION = YES;
				CLANG_WARN_OBJC_ROOT_CLASS = YES_ERROR;
				CLANG_WARN_QUOTED_INCLUDE_IN_FRAMEWORK_HEADER = YES;
				CLANG_WARN_RANGE_LOOP_ANALYSIS = YES;
				CLANG_WARN_STRICT_PROTOTYPES = YES;
				CLANG_WARN_SUSPICIOUS_MOVE = YES;
				CLANG_WARN_UNGUARDED_AVAILABILITY = YES_AGGRESSIVE;
				CLANG_WARN_UNREACHABLE_CODE = YES;
				CLANG_WARN__DUPLICATE_METHOD_MATCH = YES;
				COPY_PHASE_STRIP = NO;
				DEBUG_INFORMATION_FORMAT = dwarf;
				ENABLE_STRICT_OBJC_MSGSEND = YES;
				ENABLE_TESTABILITY = YES;
				GCC_C_LANGUAGE_STANDARD = gnu11;
				GCC_DYNAMIC_NO_PIC = NO;
				GCC_NO_COMMON_BLOCKS = YES;
				GCC_OPTIMIZATION_LEVEL = 0;
				GCC_PREPROCESSOR_DEFINITIONS = (
					"DEBUG=1",
					"$(inherited)",
				);
				GCC_WARN_64_TO_32_BIT_CONVERSION = YES;
				GCC_WARN_ABOUT_RETURN_TYPE = YES_ERROR;
				GCC_WARN_UNDECLARED_SELECTOR = YES;
				GCC_WARN_UNINITIALIZED_AUTOS = YES_AGGRESSIVE;
				GCC_WARN_UNUSED_FUNCTION = YES;
				GCC_WARN_UNUSED_VARIABLE = YES;
				IPHONEOS_DEPLOYMENT_TARGET = 16.4;
				MTL_ENABLE_DEBUG_INFO = INCLUDE_SOURCE;
				MTL_FAST_MATH = YES;
				ONLY_ACTIVE_ARCH = YES;
				SDKROOT = iphoneos;
				SWIFT_ACTIVE_COMPILATION_CONDITIONS = DEBUG;
				SWIFT_OPTIMIZATION_LEVEL = "-Onone";
			};
			name = Debug;
		};
		1129F9AE2A81381B00E3374A /* Release */ = {
			isa = XCBuildConfiguration;
			buildSettings = {
				ALWAYS_SEARCH_USER_PATHS = NO;
				CLANG_ANALYZER_NONNULL = YES;
				CLANG_ANALYZER_NUMBER_OBJECT_CONVERSION = YES_AGGRESSIVE;
				CLANG_CXX_LANGUAGE_STANDARD = "gnu++20";
				CLANG_ENABLE_MODULES = YES;
				CLANG_ENABLE_OBJC_ARC = YES;
				CLANG_ENABLE_OBJC_WEAK = YES;
				CLANG_WARN_BLOCK_CAPTURE_AUTORELEASING = YES;
				CLANG_WARN_BOOL_CONVERSION = YES;
				CLANG_WARN_COMMA = YES;
				CLANG_WARN_CONSTANT_CONVERSION = YES;
				CLANG_WARN_DEPRECATED_OBJC_IMPLEMENTATIONS = YES;
				CLANG_WARN_DIRECT_OBJC_ISA_USAGE = YES_ERROR;
				CLANG_WARN_DOCUMENTATION_COMMENTS = YES;
				CLANG_WARN_EMPTY_BODY = YES;
				CLANG_WARN_ENUM_CONVERSION = YES;
				CLANG_WARN_INFINITE_RECURSION = YES;
				CLANG_WARN_INT_CONVERSION = YES;
				CLANG_WARN_NON_LITERAL_NULL_CONVERSION = YES;
				CLANG_WARN_OBJC_IMPLICIT_RETAIN_SELF = YES;
				CLANG_WARN_OBJC_LITERAL_CONVERSION = YES;
				CLANG_WARN_OBJC_ROOT_CLASS = YES_ERROR;
				CLANG_WARN_QUOTED_INCLUDE_IN_FRAMEWORK_HEADER = YES;
				CLANG_WARN_RANGE_LOOP_ANALYSIS = YES;
				CLANG_WARN_STRICT_PROTOTYPES = YES;
				CLANG_WARN_SUSPICIOUS_MOVE = YES;
				CLANG_WARN_UNGUARDED_AVAILABILITY = YES_AGGRESSIVE;
				CLANG_WARN_UNREACHABLE_CODE = YES;
				CLANG_WARN__DUPLICATE_METHOD_MATCH = YES;
				COPY_PHASE_STRIP = NO;
				DEBUG_INFORMATION_FORMAT = "dwarf-with-dsym";
				ENABLE_NS_ASSERTIONS = NO;
				ENABLE_STRICT_OBJC_MSGSEND = YES;
				GCC_C_LANGUAGE_STANDARD = gnu11;
				GCC_NO_COMMON_BLOCKS = YES;
				GCC_WARN_64_TO_32_BIT_CONVERSION = YES;
				GCC_WARN_ABOUT_RETURN_TYPE = YES_ERROR;
				GCC_WARN_UNDECLARED_SELECTOR = YES;
				GCC_WARN_UNINITIALIZED_AUTOS = YES_AGGRESSIVE;
				GCC_WARN_UNUSED_FUNCTION = YES;
				GCC_WARN_UNUSED_VARIABLE = YES;
				IPHONEOS_DEPLOYMENT_TARGET = 16.4;
				MTL_ENABLE_DEBUG_INFO = NO;
				MTL_FAST_MATH = YES;
				SDKROOT = iphoneos;
				SWIFT_COMPILATION_MODE = wholemodule;
				SWIFT_OPTIMIZATION_LEVEL = "-O";
				VALIDATE_PRODUCT = YES;
			};
			name = Release;
		};
		1129F9B02A81381B00E3374A /* Debug */ = {
			isa = XCBuildConfiguration;
			buildSettings = {
				ASSETCATALOG_COMPILER_APPICON_NAME = AppIcon;
				ASSETCATALOG_COMPILER_GLOBAL_ACCENT_COLOR_NAME = AccentColor;
				CODE_SIGN_STYLE = Automatic;
				CURRENT_PROJECT_VERSION = 1;
				DEVELOPMENT_ASSET_PATHS = "\"MyTripPlanner/Preview Content\"";
				DEVELOPMENT_TEAM = N47G66W4UV;
				ENABLE_PREVIEWS = YES;
				GENERATE_INFOPLIST_FILE = YES;
				INFOPLIST_KEY_LSApplicationCategoryType = "";
				INFOPLIST_KEY_UIApplicationSceneManifest_Generation = YES;
				INFOPLIST_KEY_UIApplicationSupportsIndirectInputEvents = YES;
				INFOPLIST_KEY_UILaunchScreen_Generation = YES;
				INFOPLIST_KEY_UISupportedInterfaceOrientations_iPad = "UIInterfaceOrientationPortrait UIInterfaceOrientationPortraitUpsideDown UIInterfaceOrientationLandscapeLeft UIInterfaceOrientationLandscapeRight";
				INFOPLIST_KEY_UISupportedInterfaceOrientations_iPhone = "UIInterfaceOrientationPortrait UIInterfaceOrientationLandscapeLeft UIInterfaceOrientationLandscapeRight";
				IPHONEOS_DEPLOYMENT_TARGET = 17.0;
				LD_RUNPATH_SEARCH_PATHS = (
					"$(inherited)",
					"@executable_path/Frameworks",
				);
				MARKETING_VERSION = 1.0;
				PRODUCT_BUNDLE_IDENTIFIER = antoine.MyTripPlanner;
				PRODUCT_NAME = "$(TARGET_NAME)";
				SWIFT_EMIT_LOC_STRINGS = YES;
				SWIFT_VERSION = 5.0;
				TARGETED_DEVICE_FAMILY = "1,2";
			};
			name = Debug;
		};
		1129F9B12A81381B00E3374A /* Release */ = {
			isa = XCBuildConfiguration;
			buildSettings = {
				ASSETCATALOG_COMPILER_APPICON_NAME = AppIcon;
				ASSETCATALOG_COMPILER_GLOBAL_ACCENT_COLOR_NAME = AccentColor;
				CODE_SIGN_STYLE = Automatic;
				CURRENT_PROJECT_VERSION = 1;
				DEVELOPMENT_ASSET_PATHS = "\"MyTripPlanner/Preview Content\"";
				DEVELOPMENT_TEAM = N47G66W4UV;
				ENABLE_PREVIEWS = YES;
				GENERATE_INFOPLIST_FILE = YES;
				INFOPLIST_KEY_LSApplicationCategoryType = "";
				INFOPLIST_KEY_UIApplicationSceneManifest_Generation = YES;
				INFOPLIST_KEY_UIApplicationSupportsIndirectInputEvents = YES;
				INFOPLIST_KEY_UILaunchScreen_Generation = YES;
				INFOPLIST_KEY_UISupportedInterfaceOrientations_iPad = "UIInterfaceOrientationPortrait UIInterfaceOrientationPortraitUpsideDown UIInterfaceOrientationLandscapeLeft UIInterfaceOrientationLandscapeRight";
				INFOPLIST_KEY_UISupportedInterfaceOrientations_iPhone = "UIInterfaceOrientationPortrait UIInterfaceOrientationLandscapeLeft UIInterfaceOrientationLandscapeRight";
				IPHONEOS_DEPLOYMENT_TARGET = 17.0;
				LD_RUNPATH_SEARCH_PATHS = (
					"$(inherited)",
					"@executable_path/Frameworks",
				);
				MARKETING_VERSION = 1.0;
				PRODUCT_BUNDLE_IDENTIFIER = antoine.MyTripPlanner;
				PRODUCT_NAME = "$(TARGET_NAME)";
				SWIFT_EMIT_LOC_STRINGS = YES;
				SWIFT_VERSION = 5.0;
				TARGETED_DEVICE_FAMILY = "1,2";
			};
			name = Release;
		};
/* End XCBuildConfiguration section */

/* Begin XCConfigurationList section */
		1129F99C2A81381900E3374A /* Build configuration list for PBXProject "MyTripPlanner" */ = {
			isa = XCConfigurationList;
			buildConfigurations = (
				1129F9AD2A81381B00E3374A /* Debug */,
				1129F9AE2A81381B00E3374A /* Release */,
			);
			defaultConfigurationIsVisible = 0;
			defaultConfigurationName = Release;
		};
		1129F9AF2A81381B00E3374A /* Build configuration list for PBXNativeTarget "MyTripPlanner" */ = {
			isa = XCConfigurationList;
			buildConfigurations = (
				1129F9B02A81381B00E3374A /* Debug */,
				1129F9B12A81381B00E3374A /* Release */,
			);
			defaultConfigurationIsVisible = 0;
			defaultConfigurationName = Release;
		};
/* End XCConfigurationList section */

/* Begin XCRemoteSwiftPackageReference section */
		1129F9D32A8296A600E3374A /* XCRemoteSwiftPackageReference "EmojiPicker" */ = {
			isa = XCRemoteSwiftPackageReference;
			repositoryURL = "https://github.com/Kelvas09/EmojiPicker.git";
			requirement = {
				kind = upToNextMajorVersion;
				minimumVersion = 1.0.0;
			};
		};
		1129F9D62A8296C800E3374A /* XCRemoteSwiftPackageReference "SymbolPicker" */ = {
			isa = XCRemoteSwiftPackageReference;
			repositoryURL = "https://github.com/xnth97/SymbolPicker.git";
			requirement = {
				kind = upToNextMajorVersion;
				minimumVersion = 1.4.0;
			};
		};
/* End XCRemoteSwiftPackageReference section */

/* Begin XCSwiftPackageProductDependency section */
		1129F9D42A8296A600E3374A /* EmojiPicker */ = {
			isa = XCSwiftPackageProductDependency;
			package = 1129F9D32A8296A600E3374A /* XCRemoteSwiftPackageReference "EmojiPicker" */;
			productName = EmojiPicker;
		};
		1129F9D72A8296C800E3374A /* SymbolPicker */ = {
			isa = XCSwiftPackageProductDependency;
			package = 1129F9D62A8296C800E3374A /* XCRemoteSwiftPackageReference "SymbolPicker" */;
			productName = SymbolPicker;
		};
/* End XCSwiftPackageProductDependency section */
	};
	rootObject = 1129F9992A81381900E3374A /* Project object */;
}
